
Microsoft Visual Studio Solution File, Format Version 12.00
# Visual Studio 2010
Project("{FAE04EC0-301F-11D3-BF4B-00C04F79EFBC}") = "printer", "printer\printer.csproj", "{79433186-8608-4808-9D0A-BCADD487BF67}"
EndProject
Project("{54435603-DBB4-11D2-8724-00A0C9A8B90C}") = "Setup", "Setup\Setup.vdproj", "{E262D5A3-A2A2-4F24-B602-E9CEFAF567FE}"
EndProject
Global
	GlobalSection(SolutionConfigurationPlatforms) = preSolution
		Debug|Any CPU = Debug|Any CPU
		Release|Any CPU = Release|Any CPU
	EndGlobalSection
	GlobalSection(ProjectConfigurationPlatforms) = postSolution
		{79433186-8608-4808-9D0A-BCADD487BF67}.Debug|Any CPU.ActiveCfg = Debug|Any CPU
		{79433186-8608-4808-9D0A-BCADD487BF67}.Debug|Any CPU.Build.0 = Debug|Any CPU
		{79433186-8608-4808-9D0A-BCADD487BF67}.Release|Any CPU.ActiveCfg = Release|Any CPU
		{79433186-8608-4808-9D0A-BCADD487BF67}.Release|Any CPU.Build.0 = Release|Any CPU
		{E262D5A3-A2A2-4F24-B602-E9CEFAF567FE}.Debug|Any CPU.ActiveCfg = Debug
		{E262D5A3-A2A2-4F24-B602-E9CEFAF567FE}.Release|Any CPU.ActiveCfg = Release
	EndGlobalSection
	GlobalSection(SolutionProperties) = preSolution
		HideSolutionNode = FALSE
	EndGlobalSection
EndGlobal
